
Microsoft Visual Studio Solution File, Format Version 12.00
# Visual Studio Version 17
VisualStudioVersion = 17.4.33205.214
MinimumVisualStudioVersion = 10.0.40219.1
Project("{FAE04EC0-301F-11D3-BF4B-00C04F79EFBC}") = "TaskLesson", "..\AccessModifier2\TaskLesson\TaskLesson.csproj", "{8B4BCA44-4ED3-4D97-A20D-EE7C2AEC47EE}"
EndProject
Project("{FAE04EC0-301F-11D3-BF4B-00C04F79EFBC}") = "Lesson", "..\AccessModifier2\Lesson\Lesson.csproj", "{1378B799-BF14-4372-AC85-D560C5CE7A19}"
EndProject
Global
	GlobalSection(SolutionConfigurationPlatforms) = preSolution
		Debug|Any CPU = Debug|Any CPU
		Release|Any CPU = Release|Any CPU
	EndGlobalSection
	GlobalSection(ProjectConfigurationPlatforms) = postSolution
		{8B4BCA44-4ED3-4D97-A20D-EE7C2AEC47EE}.Debug|Any CPU.ActiveCfg = Debug|Any CPU
		{8B4BCA44-4ED3-4D97-A20D-EE7C2AEC47EE}.Debug|Any CPU.Build.0 = Debug|Any CPU
		{8B4BCA44-4ED3-4D97-A20D-EE7C2AEC47EE}.Release|Any CPU.ActiveCfg = Release|Any CPU
		{8B4BCA44-4ED3-4D97-A20D-EE7C2AEC47EE}.Release|Any CPU.Build.0 = Release|Any CPU
		{1378B799-BF14-4372-AC85-D560C5CE7A19}.Debug|Any CPU.ActiveCfg = Debug|Any CPU
		{1378B799-BF14-4372-AC85-D560C5CE7A19}.Debug|Any CPU.Build.0 = Debug|Any CPU
		{1378B799-BF14-4372-AC85-D560C5CE7A19}.Release|Any CPU.ActiveCfg = Release|Any CPU
		{1378B799-BF14-4372-AC85-D560C5CE7A19}.Release|Any CPU.Build.0 = Release|Any CPU
	EndGlobalSection
	GlobalSection(SolutionProperties) = preSolution
		HideSolutionNode = FALSE
	EndGlobalSection
	GlobalSection(ExtensibilityGlobals) = postSolution
		SolutionGuid = {75223D4F-8F5C-4E94-919F-45A68B01D00F}
	EndGlobalSection
EndGlobal
