
Microsoft Visual Studio Solution File, Format Version 12.00
# Visual Studio Version 17
VisualStudioVersion = 17.4.33205.214
MinimumVisualStudioVersion = 10.0.40219.1
Project("{FAE04EC0-301F-11D3-BF4B-00C04F79EFBC}") = "01.31.2023HomeTask", "01.31.2023HomeTask\01.31.2023HomeTask.csproj", "{F9CB13B1-8C72-4D0F-A20E-364C53E72B61}"
EndProject
Global
	GlobalSection(SolutionConfigurationPlatforms) = preSolution
		Debug|Any CPU = Debug|Any CPU
		Release|Any CPU = Release|Any CPU
	EndGlobalSection
	GlobalSection(ProjectConfigurationPlatforms) = postSolution
		{F9CB13B1-8C72-4D0F-A20E-364C53E72B61}.Debug|Any CPU.ActiveCfg = Debug|Any CPU
		{F9CB13B1-8C72-4D0F-A20E-364C53E72B61}.Debug|Any CPU.Build.0 = Debug|Any CPU
		{F9CB13B1-8C72-4D0F-A20E-364C53E72B61}.Release|Any CPU.ActiveCfg = Release|Any CPU
		{F9CB13B1-8C72-4D0F-A20E-364C53E72B61}.Release|Any CPU.Build.0 = Release|Any CPU
	EndGlobalSection
	GlobalSection(SolutionProperties) = preSolution
		HideSolutionNode = FALSE
	EndGlobalSection
	GlobalSection(ExtensibilityGlobals) = postSolution
		SolutionGuid = {1707519A-ADD1-4ED3-8B76-CE81B911C209}
	EndGlobalSection
EndGlobal
